// !$*UTF8*$!
{
	archiveVersion = 1;
	classes = {
	};
	objectVersion = 46;
	objects = {

/* Begin PBXBuildFile section */
		893EE2361A57E35B001B5C34 /* ADYMessage.m in Sources */ = {isa = PBXBuildFile; fileRef = 893EE2351A57E35B001B5C34 /* ADYMessage.m */; };
		893EE2391A57E62F001B5C34 /* ADYMessageCell.m in Sources */ = {isa = PBXBuildFile; fileRef = 893EE2381A57E62F001B5C34 /* ADYMessageCell.m */; };
		893EE23C1A57EA33001B5C34 /* ADYMessageFrame.m in Sources */ = {isa = PBXBuildFile; fileRef = 893EE23B1A57EA33001B5C34 /* ADYMessageFrame.m */; };
		89A40ABB1A56D55D00FD29CB /* Foundation.framework in Frameworks */ = {isa = PBXBuildFile; fileRef = 89A40ABA1A56D55D00FD29CB /* Foundation.framework */; };
		89A40ABD1A56D55D00FD29CB /* CoreGraphics.framework in Frameworks */ = {isa = PBXBuildFile; fileRef = 89A40ABC1A56D55D00FD29CB /* CoreGraphics.framework */; };
		89A40ABF1A56D55D00FD29CB /* UIKit.framework in Frameworks */ = {isa = PBXBuildFile; fileRef = 89A40ABE1A56D55D00FD29CB /* UIKit.framework */; };
		89A40AC51A56D55D00FD29CB /* InfoPlist.strings in Resources */ = {isa = PBXBuildFile; fileRef = 89A40AC31A56D55D00FD29CB /* InfoPlist.strings */; };
		89A40AC71A56D55D00FD29CB /* main.m in Sources */ = {isa = PBXBuildFile; fileRef = 89A40AC61A56D55D00FD29CB /* main.m */; };
		89A40ACB1A56D55D00FD29CB /* ADYAppDelegate.m in Sources */ = {isa = PBXBuildFile; fileRef = 89A40ACA1A56D55D00FD29CB /* ADYAppDelegate.m */; };
		89A40ACE1A56D55D00FD29CB /* Main.storyboard in Resources */ = {isa = PBXBuildFile; fileRef = 89A40ACC1A56D55D00FD29CB /* Main.storyboard */; };
		89A40AD11A56D55D00FD29CB /* ADYViewController.m in Sources */ = {isa = PBXBuildFile; fileRef = 89A40AD01A56D55D00FD29CB /* ADYViewController.m */; };
		89A40AD31A56D55D00FD29CB /* Images.xcassets in Resources */ = {isa = PBXBuildFile; fileRef = 89A40AD21A56D55D00FD29CB /* Images.xcassets */; };
		89A40ADA1A56D55D00FD29CB /* XCTest.framework in Frameworks */ = {isa = PBXBuildFile; fileRef = 89A40AD91A56D55D00FD29CB /* XCTest.framework */; };
		89A40ADB1A56D55D00FD29CB /* Foundation.framework in Frameworks */ = {isa = PBXBuildFile; fileRef = 89A40ABA1A56D55D00FD29CB /* Foundation.framework */; };
		89A40ADC1A56D55D00FD29CB /* UIKit.framework in Frameworks */ = {isa = PBXBuildFile; fileRef = 89A40ABE1A56D55D00FD29CB /* UIKit.framework */; };
		89A40AE41A56D55D00FD29CB /* InfoPlist.strings in Resources */ = {isa = PBXBuildFile; fileRef = 89A40AE21A56D55D00FD29CB /* InfoPlist.strings */; };
		89A40AE61A56D55D00FD29CB /* _0_QQ__Tests.m in Sources */ = {isa = PBXBuildFile; fileRef = 89A40AE51A56D55D00FD29CB /* _0_QQ__Tests.m */; };
		89F7793A1A5C301700972E86 /* messages.plist in Resources */ = {isa = PBXBuildFile; fileRef = 89F779391A5C301700972E86 /* messages.plist */; };
/* End PBXBuildFile section */

/* Begin PBXContainerItemProxy section */
		89A40ADD1A56D55D00FD29CB /* PBXContainerItemProxy */ = {
			isa = PBXContainerItemProxy;
			containerPortal = 89A40AAF1A56D55D00FD29CB /* Project object */;
			proxyType = 1;
			remoteGlobalIDString = 89A40AB61A56D55D00FD29CB;
			remoteInfo = "10.QQ聊天";
		};
/* End PBXContainerItemProxy section */

/* Begin PBXFileReference section */
		893EE2341A57E35B001B5C34 /* ADYMessage.h */ = {isa = PBXFileReference; fileEncoding = 4; lastKnownFileType = sourcecode.c.h; path = ADYMessage.h; sourceTree = "<group>"; };
		893EE2351A57E35B001B5C34 /* ADYMessage.m */ = {isa = PBXFileReference; fileEncoding = 4; lastKnownFileType = sourcecode.c.objc; path = ADYMessage.m; sourceTree = "<group>"; };
		893EE2371A57E62F001B5C34 /* ADYMessageCell.h */ = {isa = PBXFileReference; fileEncoding = 4; lastKnownFileType = sourcecode.c.h; path = ADYMessageCell.h; sourceTree = "<group>"; };
		893EE2381A57E62F001B5C34 /* ADYMessageCell.m */ = {isa = PBXFileReference; fileEncoding = 4; lastKnownFileType = sourcecode.c.objc; path = ADYMessageCell.m; sourceTree = "<group>"; };
		893EE23A1A57EA33001B5C34 /* ADYMessageFrame.h */ = {isa = PBXFileReference; fileEncoding = 4; lastKnownFileType = sourcecode.c.h; path = ADYMessageFrame.h; sourceTree = "<group>"; };
		893EE23B1A57EA33001B5C34 /* ADYMessageFrame.m */ = {isa = PBXFileReference; fileEncoding = 4; lastKnownFileType = sourcecode.c.objc; path = ADYMessageFrame.m; sourceTree = "<group>"; };
		89A40AB71A56D55D00FD29CB /* 10.QQ聊天.app */ = {isa = PBXFileReference; explicitFileType = wrapper.application; includeInIndex = 0; path = "10.QQ聊天.app"; sourceTree = BUILT_PRODUCTS_DIR; };
		89A40ABA1A56D55D00FD29CB /* Foundation.framework */ = {isa = PBXFileReference; lastKnownFileType = wrapper.framework; name = Foundation.framework; path = System/Library/Frameworks/Foundation.framework; sourceTree = SDKROOT; };
		89A40ABC1A56D55D00FD29CB /* CoreGraphics.framework */ = {isa = PBXFileReference; lastKnownFileType = wrapper.framework; name = CoreGraphics.framework; path = System/Library/Frameworks/CoreGraphics.framework; sourceTree = SDKROOT; };
		89A40ABE1A56D55D00FD29CB /* UIKit.framework */ = {isa = PBXFileReference; lastKnownFileType = wrapper.framework; name = UIKit.framework; path = System/Library/Frameworks/UIKit.framework; sourceTree = SDKROOT; };
		89A40AC21A56D55D00FD29CB /* 10.QQ聊天-Info.plist */ = {isa = PBXFileReference; lastKnownFileType = text.plist.xml; path = "10.QQ聊天-Info.plist"; sourceTree = "<group>"; };
		89A40AC41A56D55D00FD29CB /* en */ = {isa = PBXFileReference; lastKnownFileType = text.plist.strings; name = en; path = en.lproj/InfoPlist.strings; sourceTree = "<group>"; };
		89A40AC61A56D55D00FD29CB /* main.m */ = {isa = PBXFileReference; lastKnownFileType = sourcecode.c.objc; path = main.m; sourceTree = "<group>"; };
		89A40AC81A56D55D00FD29CB /* 10.QQ聊天-Prefix.pch */ = {isa = PBXFileReference; lastKnownFileType = sourcecode.c.h; path = "10.QQ聊天-Prefix.pch"; sourceTree = "<group>"; };
		89A40AC91A56D55D00FD29CB /* ADYAppDelegate.h */ = {isa = PBXFileReference; lastKnownFileType = sourcecode.c.h; path = ADYAppDelegate.h; sourceTree = "<group>"; };
		89A40ACA1A56D55D00FD29CB /* ADYAppDelegate.m */ = {isa = PBXFileReference; lastKnownFileType = sourcecode.c.objc; path = ADYAppDelegate.m; sourceTree = "<group>"; };
		89A40ACD1A56D55D00FD29CB /* Base */ = {isa = PBXFileReference; lastKnownFileType = file.storyboard; name = Base; path = Base.lproj/Main.storyboard; sourceTree = "<group>"; };
		89A40ACF1A56D55D00FD29CB /* ADYViewController.h */ = {isa = PBXFileReference; lastKnownFileType = sourcecode.c.h; path = ADYViewController.h; sourceTree = "<group>"; };
		89A40AD01A56D55D00FD29CB /* ADYViewController.m */ = {isa = PBXFileReference; lastKnownFileType = sourcecode.c.objc; path = ADYViewController.m; sourceTree = "<group>"; };
		89A40AD21A56D55D00FD29CB /* Images.xcassets */ = {isa = PBXFileReference; lastKnownFileType = folder.assetcatalog; path = Images.xcassets; sourceTree = "<group>"; };
		89A40AD81A56D55D00FD29CB /* 10.QQ聊天Tests.xctest */ = {isa = PBXFileReference; explicitFileType = wrapper.cfbundle; includeInIndex = 0; path = "10.QQ聊天Tests.xctest"; sourceTree = BUILT_PRODUCTS_DIR; };
		89A40AD91A56D55D00FD29CB /* XCTest.framework */ = {isa = PBXFileReference; lastKnownFileType = wrapper.framework; name = XCTest.framework; path = Library/Frameworks/XCTest.framework; sourceTree = DEVELOPER_DIR; };
		89A40AE11A56D55D00FD29CB /* 10.QQ聊天Tests-Info.plist */ = {isa = PBXFileReference; lastKnownFileType = text.plist.xml; path = "10.QQ聊天Tests-Info.plist"; sourceTree = "<group>"; };
		89A40AE31A56D55D00FD29CB /* en */ = {isa = PBXFileReference; lastKnownFileType = text.plist.strings; name = en; path = en.lproj/InfoPlist.strings; sourceTree = "<group>"; };
		89A40AE51A56D55D00FD29CB /* _0_QQ__Tests.m */ = {isa = PBXFileReference; lastKnownFileType = sourcecode.c.objc; path = _0_QQ__Tests.m; sourceTree = "<group>"; };
		89F779391A5C301700972E86 /* messages.plist */ = {isa = PBXFileReference; fileEncoding = 4; lastKnownFileType = text.plist.xml; path = messages.plist; sourceTree = "<group>"; };
/* End PBXFileReference section */

/* Begin PBXFrameworksBuildPhase section */
		89A40AB41A56D55D00FD29CB /* Frameworks */ = {
			isa = PBXFrameworksBuildPhase;
			buildActionMask = 2147483647;
			files = (
				89A40ABD1A56D55D00FD29CB /* CoreGraphics.framework in Frameworks */,
				89A40ABF1A56D55D00FD29CB /* UIKit.framework in Frameworks */,
				89A40ABB1A56D55D00FD29CB /* Foundation.framework in Frameworks */,
			);
			runOnlyForDeploymentPostprocessing = 0;
		};
		89A40AD51A56D55D00FD29CB /* Frameworks */ = {
			isa = PBXFrameworksBuildPhase;
			buildActionMask = 2147483647;
			files = (
				89A40ADA1A56D55D00FD29CB /* XCTest.framework in Frameworks */,
				89A40ADC1A56D55D00FD29CB /* UIKit.framework in Frameworks */,
				89A40ADB1A56D55D00FD29CB /* Foundation.framework in Frameworks */,
			);
			runOnlyForDeploymentPostprocessing = 0;
		};
/* End PBXFrameworksBuildPhase section */

/* Begin PBXGroup section */
		89A40AAE1A56D55D00FD29CB = {
			isa = PBXGroup;
			children = (
				893EE23A1A57EA33001B5C34 /* ADYMessageFrame.h */,
				893EE23B1A57EA33001B5C34 /* ADYMessageFrame.m */,
				893EE2371A57E62F001B5C34 /* ADYMessageCell.h */,
				893EE2381A57E62F001B5C34 /* ADYMessageCell.m */,
				89A40AC01A56D55D00FD29CB /* 10.QQ聊天 */,
				89A40ADF1A56D55D00FD29CB /* 10.QQ聊天Tests */,
				89A40AB91A56D55D00FD29CB /* Frameworks */,
				89A40AB81A56D55D00FD29CB /* Products */,
			);
			sourceTree = "<group>";
		};
		89A40AB81A56D55D00FD29CB /* Products */ = {
			isa = PBXGroup;
			children = (
				89A40AB71A56D55D00FD29CB /* 10.QQ聊天.app */,
				89A40AD81A56D55D00FD29CB /* 10.QQ聊天Tests.xctest */,
			);
			name = Products;
			sourceTree = "<group>";
		};
		89A40AB91A56D55D00FD29CB /* Frameworks */ = {
			isa = PBXGroup;
			children = (
				89A40ABA1A56D55D00FD29CB /* Foundation.framework */,
				89A40ABC1A56D55D00FD29CB /* CoreGraphics.framework */,
				89A40ABE1A56D55D00FD29CB /* UIKit.framework */,
				89A40AD91A56D55D00FD29CB /* XCTest.framework */,
			);
			name = Frameworks;
			sourceTree = "<group>";
		};
		89A40AC01A56D55D00FD29CB /* 10.QQ聊天 */ = {
			isa = PBXGroup;
			children = (
				89A40AC91A56D55D00FD29CB /* ADYAppDelegate.h */,
				89A40ACA1A56D55D00FD29CB /* ADYAppDelegate.m */,
				89A40ACC1A56D55D00FD29CB /* Main.storyboard */,
				89A40ACF1A56D55D00FD29CB /* ADYViewController.h */,
				89A40AD01A56D55D00FD29CB /* ADYViewController.m */,
				89A40AD21A56D55D00FD29CB /* Images.xcassets */,
				89A40AC11A56D55D00FD29CB /* Supporting Files */,
				893EE2341A57E35B001B5C34 /* ADYMessage.h */,
				893EE2351A57E35B001B5C34 /* ADYMessage.m */,
			);
			path = "10.QQ聊天";
			sourceTree = "<group>";
		};
		89A40AC11A56D55D00FD29CB /* Supporting Files */ = {
			isa = PBXGroup;
			children = (
				89F779391A5C301700972E86 /* messages.plist */,
				89A40AC21A56D55D00FD29CB /* 10.QQ聊天-Info.plist */,
				89A40AC31A56D55D00FD29CB /* InfoPlist.strings */,
				89A40AC61A56D55D00FD29CB /* main.m */,
				89A40AC81A56D55D00FD29CB /* 10.QQ聊天-Prefix.pch */,
			);
			name = "Supporting Files";
			sourceTree = "<group>";
		};
		89A40ADF1A56D55D00FD29CB /* 10.QQ聊天Tests */ = {
			isa = PBXGroup;
			children = (
				89A40AE51A56D55D00FD29CB /* _0_QQ__Tests.m */,
				89A40AE01A56D55D00FD29CB /* Supporting Files */,
			);
			path = "10.QQ聊天Tests";
			sourceTree = "<group>";
		};
		89A40AE01A56D55D00FD29CB /* Supporting Files */ = {
			isa = PBXGroup;
			children = (
				89A40AE11A56D55D00FD29CB /* 10.QQ聊天Tests-Info.plist */,
				89A40AE21A56D55D00FD29CB /* InfoPlist.strings */,
			);
			name = "Supporting Files";
			sourceTree = "<group>";
		};
/* End PBXGroup section */

/* Begin PBXNativeTarget section */
		89A40AB61A56D55D00FD29CB /* 10.QQ聊天 */ = {
			isa = PBXNativeTarget;
			buildConfigurationList = 89A40AE91A56D55D00FD29CB /* Build configuration list for PBXNativeTarget "10.QQ聊天" */;
			buildPhases = (
				89A40AB31A56D55D00FD29CB /* Sources */,
				89A40AB41A56D55D00FD29CB /* Frameworks */,
				89A40AB51A56D55D00FD29CB /* Resources */,
			);
			buildRules = (
			);
			dependencies = (
			);
			name = "10.QQ聊天";
			productName = "10.QQ聊天";
			productReference = 89A40AB71A56D55D00FD29CB /* 10.QQ聊天.app */;
			productType = "com.apple.product-type.application";
		};
		89A40AD71A56D55D00FD29CB /* 10.QQ聊天Tests */ = {
			isa = PBXNativeTarget;
			buildConfigurationList = 89A40AEC1A56D55D00FD29CB /* Build configuration list for PBXNativeTarget "10.QQ聊天Tests" */;
			buildPhases = (
				89A40AD41A56D55D00FD29CB /* Sources */,
				89A40AD51A56D55D00FD29CB /* Frameworks */,
				89A40AD61A56D55D00FD29CB /* Resources */,
			);
			buildRules = (
			);
			dependencies = (
				89A40ADE1A56D55D00FD29CB /* PBXTargetDependency */,
			);
			name = "10.QQ聊天Tests";
			productName = "10.QQ聊天Tests";
			productReference = 89A40AD81A56D55D00FD29CB /* 10.QQ聊天Tests.xctest */;
			productType = "com.apple.product-type.bundle.unit-test";
		};
/* End PBXNativeTarget section */

/* Begin PBXProject section */
		89A40AAF1A56D55D00FD29CB /* Project object */ = {
			isa = PBXProject;
			attributes = {
				CLASSPREFIX = ADY;
				LastUpgradeCheck = 0510;
				ORGANIZATIONNAME = YOU;
				TargetAttributes = {
					89A40AD71A56D55D00FD29CB = {
						TestTargetID = 89A40AB61A56D55D00FD29CB;
					};
				};
			};
			buildConfigurationList = 89A40AB21A56D55D00FD29CB /* Build configuration list for PBXProject "10.QQ聊天" */;
			compatibilityVersion = "Xcode 3.2";
			developmentRegion = English;
			hasScannedForEncodings = 0;
			knownRegions = (
				en,
				Base,
			);
			mainGroup = 89A40AAE1A56D55D00FD29CB;
			productRefGroup = 89A40AB81A56D55D00FD29CB /* Products */;
			projectDirPath = "";
			projectRoot = "";
			targets = (
				89A40AB61A56D55D00FD29CB /* 10.QQ聊天 */,
				89A40AD71A56D55D00FD29CB /* 10.QQ聊天Tests */,
			);
		};
/* End PBXProject section */

/* Begin PBXResourcesBuildPhase section */
		89A40AB51A56D55D00FD29CB /* Resources */ = {
			isa = PBXResourcesBuildPhase;
			buildActionMask = 2147483647;
			files = (
				89F7793A1A5C301700972E86 /* messages.plist in Resources */,
				89A40AD31A56D55D00FD29CB /* Images.xcassets in Resources */,
				89A40AC51A56D55D00FD29CB /* InfoPlist.strings in Resources */,
				89A40ACE1A56D55D00FD29CB /* Main.storyboard in Resources */,
			);
			runOnlyForDeploymentPostprocessing = 0;
		};
		89A40AD61A56D55D00FD29CB /* Resources */ = {
			isa = PBXResourcesBuildPhase;
			buildActionMask = 2147483647;
			files = (
				89A40AE41A56D55D00FD29CB /* InfoPlist.strings in Resources */,
			);
			runOnlyForDeploymentPostprocessing = 0;
		};
/* End PBXResourcesBuildPhase section */

/* Begin PBXSourcesBuildPhase section */
		89A40AB31A56D55D00FD29CB /* Sources */ = {
			isa = PBXSourcesBuildPhase;
			buildActionMask = 2147483647;
			files = (
				89A40AC71A56D55D00FD29CB /* main.m in Sources */,
				89A40ACB1A56D55D00FD29CB /* ADYAppDelegate.m in Sources */,
				893EE23C1A57EA33001B5C34 /* ADYMessageFrame.m in Sources */,
				893EE2391A57E62F001B5C34 /* ADYMessageCell.m in Sources */,
				893EE2361A57E35B001B5C34 /* ADYMessage.m in Sources */,
				89A40AD11A56D55D00FD29CB /* ADYViewController.m in Sources */,
			);
			runOnlyForDeploymentPostprocessing = 0;
		};
		89A40AD41A56D55D00FD29CB /* Sources */ = {
			isa = PBXSourcesBuildPhase;
			buildActionMask = 2147483647;
			files = (
				89A40AE61A56D55D00FD29CB /* _0_QQ__Tests.m in Sources */,
			);
			runOnlyForDeploymentPostprocessing = 0;
		};
/* End PBXSourcesBuildPhase section */

/* Begin PBXTargetDependency section */
		89A40ADE1A56D55D00FD29CB /* PBXTargetDependency */ = {
			isa = PBXTargetDependency;
			target = 89A40AB61A56D55D00FD29CB /* 10.QQ聊天 */;
			targetProxy = 89A40ADD1A56D55D00FD29CB /* PBXContainerItemProxy */;
		};
/* End PBXTargetDependency section */

/* Begin PBXVariantGroup section */
		89A40AC31A56D55D00FD29CB /* InfoPlist.strings */ = {
			isa = PBXVariantGroup;
			children = (
				89A40AC41A56D55D00FD29CB /* en */,
			);
			name = InfoPlist.strings;
			sourceTree = "<group>";
		};
		89A40ACC1A56D55D00FD29CB /* Main.storyboard */ = {
			isa = PBXVariantGroup;
			children = (
				89A40ACD1A56D55D00FD29CB /* Base */,
			);
			name = Main.storyboard;
			sourceTree = "<group>";
		};
		89A40AE21A56D55D00FD29CB /* InfoPlist.strings */ = {
			isa = PBXVariantGroup;
			children = (
				89A40AE31A56D55D00FD29CB /* en */,
			);
			name = InfoPlist.strings;
			sourceTree = "<group>";
		};
/* End PBXVariantGroup section */

/* Begin XCBuildConfiguration section */
		89A40AE71A56D55D00FD29CB /* Debug */ = {
			isa = XCBuildConfiguration;
			buildSettings = {
				ALWAYS_SEARCH_USER_PATHS = NO;
				CLANG_CXX_LANGUAGE_STANDARD = "gnu++0x";
				CLANG_CXX_LIBRARY = "libc++";
				CLANG_ENABLE_MODULES = YES;
				CLANG_ENABLE_OBJC_ARC = YES;
				CLANG_WARN_BOOL_CONVERSION = YES;
				CLANG_WARN_CONSTANT_CONVERSION = YES;
				CLANG_WARN_DIRECT_OBJC_ISA_USAGE = YES_ERROR;
				CLANG_WARN_EMPTY_BODY = YES;
				CLANG_WARN_ENUM_CONVERSION = YES;
				CLANG_WARN_INT_CONVERSION = YES;
				CLANG_WARN_OBJC_ROOT_CLASS = YES_ERROR;
				CLANG_WARN__DUPLICATE_METHOD_MATCH = YES;
				"CODE_SIGN_IDENTITY[sdk=iphoneos*]" = "iPhone Developer";
				COPY_PHASE_STRIP = NO;
				GCC_C_LANGUAGE_STANDARD = gnu99;
				GCC_DYNAMIC_NO_PIC = NO;
				GCC_OPTIMIZATION_LEVEL = 0;
				GCC_PREPROCESSOR_DEFINITIONS = (
					"DEBUG=1",
					"$(inherited)",
				);
				GCC_SYMBOLS_PRIVATE_EXTERN = NO;
				GCC_WARN_64_TO_32_BIT_CONVERSION = YES;
				GCC_WARN_ABOUT_RETURN_TYPE = YES_ERROR;
				GCC_WARN_UNDECLARED_SELECTOR = YES;
				GCC_WARN_UNINITIALIZED_AUTOS = YES_AGGRESSIVE;
				GCC_WARN_UNUSED_FUNCTION = YES;
				GCC_WARN_UNUSED_VARIABLE = YES;
				IPHONEOS_DEPLOYMENT_TARGET = 7.1;
				ONLY_ACTIVE_ARCH = YES;
				SDKROOT = iphoneos;
			};
			name = Debug;
		};
		89A40AE81A56D55D00FD29CB /* Release */ = {
			isa = XCBuildConfiguration;
			buildSettings = {
				ALWAYS_SEARCH_USER_PATHS = NO;
				CLANG_CXX_LANGUAGE_STANDARD = "gnu++0x";
				CLANG_CXX_LIBRARY = "libc++";
				CLANG_ENABLE_MODULES = YES;
				CLANG_ENABLE_OBJC_ARC = YES;
				CLANG_WARN_BOOL_CONVERSION = YES;
				CLANG_WARN_CONSTANT_CONVERSION = YES;
				CLANG_WARN_DIRECT_OBJC_ISA_USAGE = YES_ERROR;
				CLANG_WARN_EMPTY_BODY = YES;
				CLANG_WARN_ENUM_CONVERSION = YES;
				CLANG_WARN_INT_CONVERSION = YES;
				CLANG_WARN_OBJC_ROOT_CLASS = YES_ERROR;
				CLANG_WARN__DUPLICATE_METHOD_MATCH = YES;
				"CODE_SIGN_IDENTITY[sdk=iphoneos*]" = "iPhone Developer";
				COPY_PHASE_STRIP = YES;
				ENABLE_NS_ASSERTIONS = NO;
				GCC_C_LANGUAGE_STANDARD = gnu99;
				GCC_WARN_64_TO_32_BIT_CONVERSION = YES;
				GCC_WARN_ABOUT_RETURN_TYPE = YES_ERROR;
				GCC_WARN_UNDECLARED_SELECTOR = YES;
				GCC_WARN_UNINITIALIZED_AUTOS = YES_AGGRESSIVE;
				GCC_WARN_UNUSED_FUNCTION = YES;
				GCC_WARN_UNUSED_VARIABLE = YES;
				IPHONEOS_DEPLOYMENT_TARGET = 7.1;
				SDKROOT = iphoneos;
				VALIDATE_PRODUCT = YES;
			};
			name = Release;
		};
		89A40AEA1A56D55D00FD29CB /* Debug */ = {
			isa = XCBuildConfiguration;
			buildSettings = {
				ASSETCATALOG_COMPILER_APPICON_NAME = AppIcon;
				ASSETCATALOG_COMPILER_LAUNCHIMAGE_NAME = LaunchImage;
				GCC_PRECOMPILE_PREFIX_HEADER = YES;
				GCC_PREFIX_HEADER = "10.QQ聊天/10.QQ聊天-Prefix.pch";
				INFOPLIST_FILE = "10.QQ聊天/10.QQ聊天-Info.plist";
				PRODUCT_NAME = "$(TARGET_NAME)";
				WRAPPER_EXTENSION = app;
			};
			name = Debug;
		};
		89A40AEB1A56D55D00FD29CB /* Release */ = {
			isa = XCBuildConfiguration;
			buildSettings = {
				ASSETCATALOG_COMPILER_APPICON_NAME = AppIcon;
				ASSETCATALOG_COMPILER_LAUNCHIMAGE_NAME = LaunchImage;
				GCC_PRECOMPILE_PREFIX_HEADER = YES;
				GCC_PREFIX_HEADER = "10.QQ聊天/10.QQ聊天-Prefix.pch";
				INFOPLIST_FILE = "10.QQ聊天/10.QQ聊天-Info.plist";
				PRODUCT_NAME = "$(TARGET_NAME)";
				WRAPPER_EXTENSION = app;
			};
			name = Release;
		};
		89A40AED1A56D55D00FD29CB /* Debug */ = {
			isa = XCBuildConfiguration;
			buildSettings = {
				BUNDLE_LOADER = "$(BUILT_PRODUCTS_DIR)/10.QQ聊天.app/10.QQ聊天";
				FRAMEWORK_SEARCH_PATHS = (
					"$(SDKROOT)/Developer/Library/Frameworks",
					"$(inherited)",
					"$(DEVELOPER_FRAMEWORKS_DIR)",
				);
				GCC_PRECOMPILE_PREFIX_HEADER = YES;
				GCC_PREFIX_HEADER = "10.QQ聊天/10.QQ聊天-Prefix.pch";
				GCC_PREPROCESSOR_DEFINITIONS = (
					"DEBUG=1",
					"$(inherited)",
				);
				INFOPLIST_FILE = "10.QQ聊天Tests/10.QQ聊天Tests-Info.plist";
				PRODUCT_NAME = "$(TARGET_NAME)";
				TEST_HOST = "$(BUNDLE_LOADER)";
				WRAPPER_EXTENSION = xctest;
			};
			name = Debug;
		};
		89A40AEE1A56D55D00FD29CB /* Release */ = {
			isa = XCBuildConfiguration;
			buildSettings = {
				BUNDLE_LOADER = "$(BUILT_PRODUCTS_DIR)/10.QQ聊天.app/10.QQ聊天";
				FRAMEWORK_SEARCH_PATHS = (
					"$(SDKROOT)/Developer/Library/Frameworks",
					"$(inherited)",
					"$(DEVELOPER_FRAMEWORKS_DIR)",
				);
				GCC_PRECOMPILE_PREFIX_HEADER = YES;
				GCC_PREFIX_HEADER = "10.QQ聊天/10.QQ聊天-Prefix.pch";
				INFOPLIST_FILE = "10.QQ聊天Tests/10.QQ聊天Tests-Info.plist";
				PRODUCT_NAME = "$(TARGET_NAME)";
				TEST_HOST = "$(BUNDLE_LOADER)";
				WRAPPER_EXTENSION = xctest;
			};
			name = Release;
		};
/* End XCBuildConfiguration section */

/* Begin XCConfigurationList section */
		89A40AB21A56D55D00FD29CB /* Build configuration list for PBXProject "10.QQ聊天" */ = {
			isa = XCConfigurationList;
			buildConfigurations = (
				89A40AE71A56D55D00FD29CB /* Debug */,
				89A40AE81A56D55D00FD29CB /* Release */,
			);
			defaultConfigurationIsVisible = 0;
			defaultConfigurationName = Release;
		};
		89A40AE91A56D55D00FD29CB /* Build configuration list for PBXNativeTarget "10.QQ聊天" */ = {
			isa = XCConfigurationList;
			buildConfigurations = (
				89A40AEA1A56D55D00FD29CB /* Debug */,
				89A40AEB1A56D55D00FD29CB /* Release */,
			);
			defaultConfigurationIsVisible = 0;
			defaultConfigurationName = Release;
		};
		89A40AEC1A56D55D00FD29CB /* Build configuration list for PBXNativeTarget "10.QQ聊天Tests" */ = {
			isa = XCConfigurationList;
			buildConfigurations = (
				89A40AED1A56D55D00FD29CB /* Debug */,
				89A40AEE1A56D55D00FD29CB /* Release */,
			);
			defaultConfigurationIsVisible = 0;
			defaultConfigurationName = Release;
		};
/* End XCConfigurationList section */
	};
	rootObject = 89A40AAF1A56D55D00FD29CB /* Project object */;
}
